
Microsoft Visual Studio Solution File, Format Version 12.00
# Visual Studio Version 16
VisualStudioVersion = 16.0.29613.14
MinimumVisualStudioVersion = 10.0.40219.1
Project("{FAE04EC0-301F-11D3-BF4B-00C04F79EFBC}") = "Payway", "Payway\Payway.csproj", "{BE657EB3-8976-420E-B2F7-A6DE10231A82}"
EndProject
Project("{FAE04EC0-301F-11D3-BF4B-00C04F79EFBC}") = "Payway.Services", "Payway.Services\Payway.Services.csproj", "{D9398740-F435-4737-9AFF-CF9076991C98}"
EndProject
Project("{FAE04EC0-301F-11D3-BF4B-00C04F79EFBC}") = "Payway.Persistence", "Payway.Persistence\Payway.Persistence.csproj", "{749969AE-CE1E-4374-AE94-427CF666DE0F}"
EndProject
Project("{FAE04EC0-301F-11D3-BF4B-00C04F79EFBC}") = "Payway.Entity", "Payway.Entity\Payway.Entity.csproj", "{ED9985A0-8D6D-4B42-A22A-78D16BA11ABD}"
EndProject
Global
	GlobalSection(SolutionConfigurationPlatforms) = preSolution
		Debug|Any CPU = Debug|Any CPU
		Release|Any CPU = Release|Any CPU
	EndGlobalSection
	GlobalSection(ProjectConfigurationPlatforms) = postSolution
		{BE657EB3-8976-420E-B2F7-A6DE10231A82}.Debug|Any CPU.ActiveCfg = Debug|Any CPU
		{BE657EB3-8976-420E-B2F7-A6DE10231A82}.Debug|Any CPU.Build.0 = Debug|Any CPU
		{BE657EB3-8976-420E-B2F7-A6DE10231A82}.Release|Any CPU.ActiveCfg = Release|Any CPU
		{BE657EB3-8976-420E-B2F7-A6DE10231A82}.Release|Any CPU.Build.0 = Release|Any CPU
		{D9398740-F435-4737-9AFF-CF9076991C98}.Debug|Any CPU.ActiveCfg = Debug|Any CPU
		{D9398740-F435-4737-9AFF-CF9076991C98}.Debug|Any CPU.Build.0 = Debug|Any CPU
		{D9398740-F435-4737-9AFF-CF9076991C98}.Release|Any CPU.ActiveCfg = Release|Any CPU
		{D9398740-F435-4737-9AFF-CF9076991C98}.Release|Any CPU.Build.0 = Release|Any CPU
		{749969AE-CE1E-4374-AE94-427CF666DE0F}.Debug|Any CPU.ActiveCfg = Debug|Any CPU
		{749969AE-CE1E-4374-AE94-427CF666DE0F}.Debug|Any CPU.Build.0 = Debug|Any CPU
		{749969AE-CE1E-4374-AE94-427CF666DE0F}.Release|Any CPU.ActiveCfg = Release|Any CPU
		{749969AE-CE1E-4374-AE94-427CF666DE0F}.Release|Any CPU.Build.0 = Release|Any CPU
		{ED9985A0-8D6D-4B42-A22A-78D16BA11ABD}.Debug|Any CPU.ActiveCfg = Debug|Any CPU
		{ED9985A0-8D6D-4B42-A22A-78D16BA11ABD}.Debug|Any CPU.Build.0 = Debug|Any CPU
		{ED9985A0-8D6D-4B42-A22A-78D16BA11ABD}.Release|Any CPU.ActiveCfg = Release|Any CPU
		{ED9985A0-8D6D-4B42-A22A-78D16BA11ABD}.Release|Any CPU.Build.0 = Release|Any CPU
	EndGlobalSection
	GlobalSection(SolutionProperties) = preSolution
		HideSolutionNode = FALSE
	EndGlobalSection
	GlobalSection(ExtensibilityGlobals) = postSolution
		SolutionGuid = {318A8091-F61E-4BA8-AFB9-B388C78CAC9C}
	EndGlobalSection
EndGlobal
